
Microsoft Visual Studio Solution File, Format Version 12.00
# Visual Studio Version 17
VisualStudioVersion = 17.4.33110.190
MinimumVisualStudioVersion = 10.0.40219.1
Project("{FAE04EC0-301F-11D3-BF4B-00C04F79EFBC}") = "DataPribadiNetCoreMVC", "DataPribadiNetCoreMVC.csproj", "{095D408E-053B-4940-A9B1-DF6F2C1C12D9}"
EndProject
Global
	GlobalSection(SolutionConfigurationPlatforms) = preSolution
		Debug|Any CPU = Debug|Any CPU
		Release|Any CPU = Release|Any CPU
	EndGlobalSection
	GlobalSection(ProjectConfigurationPlatforms) = postSolution
		{095D408E-053B-4940-A9B1-DF6F2C1C12D9}.Debug|Any CPU.ActiveCfg = Debug|Any CPU
		{095D408E-053B-4940-A9B1-DF6F2C1C12D9}.Debug|Any CPU.Build.0 = Debug|Any CPU
		{095D408E-053B-4940-A9B1-DF6F2C1C12D9}.Release|Any CPU.ActiveCfg = Release|Any CPU
		{095D408E-053B-4940-A9B1-DF6F2C1C12D9}.Release|Any CPU.Build.0 = Release|Any CPU
	EndGlobalSection
	GlobalSection(SolutionProperties) = preSolution
		HideSolutionNode = FALSE
	EndGlobalSection
	GlobalSection(ExtensibilityGlobals) = postSolution
		SolutionGuid = {1F2A315D-BA23-4E00-9E0C-5F54FBBDABE1}
	EndGlobalSection
EndGlobal
